
Microsoft Visual Studio Solution File, Format Version 12.00
# Visual Studio Version 17
VisualStudioVersion = 17.13.35913.81 d17.13
MinimumVisualStudioVersion = 10.0.40219.1
Project("{FAE04EC0-301F-11D3-BF4B-00C04F79EFBC}") = "Jornal2", "Jornal2\Jornal2.csproj", "{3D33EC25-1258-4498-9078-A93C3B04C9C0}"
EndProject
Global
	GlobalSection(SolutionConfigurationPlatforms) = preSolution
		Debug|Any CPU = Debug|Any CPU
		Release|Any CPU = Release|Any CPU
	EndGlobalSection
	GlobalSection(ProjectConfigurationPlatforms) = postSolution
		{3D33EC25-1258-4498-9078-A93C3B04C9C0}.Debug|Any CPU.ActiveCfg = Debug|Any CPU
		{3D33EC25-1258-4498-9078-A93C3B04C9C0}.Debug|Any CPU.Build.0 = Debug|Any CPU
		{3D33EC25-1258-4498-9078-A93C3B04C9C0}.Release|Any CPU.ActiveCfg = Release|Any CPU
		{3D33EC25-1258-4498-9078-A93C3B04C9C0}.Release|Any CPU.Build.0 = Release|Any CPU
	EndGlobalSection
	GlobalSection(SolutionProperties) = preSolution
		HideSolutionNode = FALSE
	EndGlobalSection
	GlobalSection(ExtensibilityGlobals) = postSolution
		SolutionGuid = {05637D42-EE25-4E2C-B4F2-B2BFCB40CF0B}
	EndGlobalSection
EndGlobal
